
Microsoft Visual Studio Solution File, Format Version 12.00
# Visual Studio Version 16
VisualStudioVersion = 16.0.31129.286
MinimumVisualStudioVersion = 10.0.40219.1
Project("{8BC9CEB8-8B4A-11D0-8D11-00A0C91BC942}") = "psp2", "psp2.vcxproj", "{017E173C-E093-4440-AB2B-05CF6AB9488E}"
EndProject
Project("{8BC9CEB8-8B4A-11D0-8D11-00A0C91BC942}") = "ClientT", "ClientT\ClientT.vcxproj", "{6DF7A4F2-9824-46A7-911F-541CAD512AAA}"
EndProject
Global
	GlobalSection(SolutionConfigurationPlatforms) = preSolution
		Debug|x64 = Debug|x64
		Debug|x86 = Debug|x86
		Release|x64 = Release|x64
		Release|x86 = Release|x86
	EndGlobalSection
	GlobalSection(ProjectConfigurationPlatforms) = postSolution
		{017E173C-E093-4440-AB2B-05CF6AB9488E}.Debug|x64.ActiveCfg = Debug|x64
		{017E173C-E093-4440-AB2B-05CF6AB9488E}.Debug|x64.Build.0 = Debug|x64
		{017E173C-E093-4440-AB2B-05CF6AB9488E}.Debug|x86.ActiveCfg = Debug|Win32
		{017E173C-E093-4440-AB2B-05CF6AB9488E}.Debug|x86.Build.0 = Debug|Win32
		{017E173C-E093-4440-AB2B-05CF6AB9488E}.Release|x64.ActiveCfg = Release|x64
		{017E173C-E093-4440-AB2B-05CF6AB9488E}.Release|x64.Build.0 = Release|x64
		{017E173C-E093-4440-AB2B-05CF6AB9488E}.Release|x86.ActiveCfg = Release|Win32
		{017E173C-E093-4440-AB2B-05CF6AB9488E}.Release|x86.Build.0 = Release|Win32
		{6DF7A4F2-9824-46A7-911F-541CAD512AAA}.Debug|x64.ActiveCfg = Debug|x64
		{6DF7A4F2-9824-46A7-911F-541CAD512AAA}.Debug|x64.Build.0 = Debug|x64
		{6DF7A4F2-9824-46A7-911F-541CAD512AAA}.Debug|x86.ActiveCfg = Debug|Win32
		{6DF7A4F2-9824-46A7-911F-541CAD512AAA}.Debug|x86.Build.0 = Debug|Win32
		{6DF7A4F2-9824-46A7-911F-541CAD512AAA}.Release|x64.ActiveCfg = Release|x64
		{6DF7A4F2-9824-46A7-911F-541CAD512AAA}.Release|x64.Build.0 = Release|x64
		{6DF7A4F2-9824-46A7-911F-541CAD512AAA}.Release|x86.ActiveCfg = Release|Win32
		{6DF7A4F2-9824-46A7-911F-541CAD512AAA}.Release|x86.Build.0 = Release|Win32
	EndGlobalSection
	GlobalSection(SolutionProperties) = preSolution
		HideSolutionNode = FALSE
	EndGlobalSection
	GlobalSection(ExtensibilityGlobals) = postSolution
		SolutionGuid = {C1E0E60E-09BC-4D7A-88CB-B3B2D5E3496A}
	EndGlobalSection
EndGlobal
